
Microsoft Visual Studio Solution File, Format Version 12.00
# Visual Studio Version 17
VisualStudioVersion = 17.11.35303.130
MinimumVisualStudioVersion = 10.0.40219.1
Project("{8BC9CEB8-8B4A-11D0-8D11-00A0C91BC942}") = "MCI_PlayMP3viaDylib", "MCI_PlayMP3viaDylib\MCI_PlayMP3viaDylib.vcxproj", "{BD3AC186-4714-4A89-A703-6ED6D535FE50}"
EndProject
Global
	GlobalSection(SolutionConfigurationPlatforms) = preSolution
		Debug|x64 = Debug|x64
		Debug|x86 = Debug|x86
		Release|x64 = Release|x64
		Release|x86 = Release|x86
	EndGlobalSection
	GlobalSection(ProjectConfigurationPlatforms) = postSolution
		{BD3AC186-4714-4A89-A703-6ED6D535FE50}.Debug|x64.ActiveCfg = Debug|x64
		{BD3AC186-4714-4A89-A703-6ED6D535FE50}.Debug|x64.Build.0 = Debug|x64
		{BD3AC186-4714-4A89-A703-6ED6D535FE50}.Debug|x86.ActiveCfg = Debug|Win32
		{BD3AC186-4714-4A89-A703-6ED6D535FE50}.Debug|x86.Build.0 = Debug|Win32
		{BD3AC186-4714-4A89-A703-6ED6D535FE50}.Release|x64.ActiveCfg = Release|x64
		{BD3AC186-4714-4A89-A703-6ED6D535FE50}.Release|x64.Build.0 = Release|x64
		{BD3AC186-4714-4A89-A703-6ED6D535FE50}.Release|x86.ActiveCfg = Release|Win32
		{BD3AC186-4714-4A89-A703-6ED6D535FE50}.Release|x86.Build.0 = Release|Win32
	EndGlobalSection
	GlobalSection(SolutionProperties) = preSolution
		HideSolutionNode = FALSE
	EndGlobalSection
	GlobalSection(ExtensibilityGlobals) = postSolution
		SolutionGuid = {E4C4BA89-0217-4515-93ED-405E6C053115}
	EndGlobalSection
EndGlobal
